
Microsoft Visual Studio Solution File, Format Version 12.00
# Visual Studio Version 17
VisualStudioVersion = 17.10.35004.147
MinimumVisualStudioVersion = 10.0.40219.1
Project("{2150E333-8FDC-42A3-9474-1A3956D46DE8}") = "src", "src", "{AC66D260-981D-42BC-BF82-3FD63A0B4FEC}"
EndProject
Project("{2150E333-8FDC-42A3-9474-1A3956D46DE8}") = "Solution Items", "Solution Items", "{0D4F0F36-5187-41BA-90FF-B2CC2401DA0E}"
	ProjectSection(SolutionItems) = preProject
		ServiceUrls.txt = ServiceUrls.txt
	EndProjectSection
EndProject
Project("{2150E333-8FDC-42A3-9474-1A3956D46DE8}") = "ApiGateways", "ApiGateways", "{FCAF0ED3-57AA-48D5-87EB-EB2CF600C539}"
EndProject
Project("{2150E333-8FDC-42A3-9474-1A3956D46DE8}") = "BuildingBlocks", "BuildingBlocks", "{85779E76-04B2-46EC-9270-C331597B9911}"
EndProject
Project("{2150E333-8FDC-42A3-9474-1A3956D46DE8}") = "Services", "Services", "{770403CD-7E06-48FB-8531-B74A5549E6C0}"
EndProject
Project("{2150E333-8FDC-42A3-9474-1A3956D46DE8}") = "Clients", "Clients", "{1C5D8EF7-AB74-487C-B889-CB9AD5BAD677}"
EndProject
Project("{2150E333-8FDC-42A3-9474-1A3956D46DE8}") = "WebApiGateways", "WebApiGateways", "{A07C164B-CA85-41DA-ACE4-0ADA6BC6BEB0}"
EndProject
Project("{9A19103F-16F7-4668-BE54-9A1E7A4F7556}") = "Web.ApiGateway", "src\ApiGateways\WebApiGateway\Web.ApiGateway\Web.ApiGateway.csproj", "{B789B806-0483-43CA-B0FC-34C4A3FEB86E}"
EndProject
Project("{2150E333-8FDC-42A3-9474-1A3956D46DE8}") = "EventBus", "EventBus", "{35D8A2F4-A7AB-48CD-81F2-523092AF1D27}"
EndProject
Project("{9A19103F-16F7-4668-BE54-9A1E7A4F7556}") = "EventBus.Base", "src\BuildingBlocks\EventBus\EventBus.Base\EventBus.Base.csproj", "{F81A1E04-7BEE-4912-9689-330018F32727}"
EndProject
Project("{9A19103F-16F7-4668-BE54-9A1E7A4F7556}") = "EventBus.Factory", "src\BuildingBlocks\EventBus\EventBus.Factory\EventBus.Factory.csproj", "{E2881637-C23E-413B-9822-AB8E6FFEFC54}"
EndProject
Project("{9A19103F-16F7-4668-BE54-9A1E7A4F7556}") = "EventBus.AzureServiceBus", "src\BuildingBlocks\EventBus\EventBus.AzureServiceBus\EventBus.AzureServiceBus.csproj", "{59F3794D-6BF0-4284-B8CD-A4F26D8CB170}"
EndProject
Project("{9A19103F-16F7-4668-BE54-9A1E7A4F7556}") = "EventBus.RabbitMQ", "src\BuildingBlocks\EventBus\EventBus.RabbitMQ\EventBus.RabbitMQ.csproj", "{89A2E06B-8EF9-4040-B2AB-AE6B2AF7D3AA}"
EndProject
Project("{2150E333-8FDC-42A3-9474-1A3956D46DE8}") = "BlazorWebApp", "BlazorWebApp", "{F82E6D1A-41BF-490F-BA9F-C059E98075F5}"
EndProject
Project("{9A19103F-16F7-4668-BE54-9A1E7A4F7556}") = "WebApp", "src\Clients\BlazorWebApp\WebApp\WebApp.csproj", "{B49D887C-9DEF-4FDD-B5B8-5C00C6F68652}"
EndProject
Project("{2150E333-8FDC-42A3-9474-1A3956D46DE8}") = "BasketService", "BasketService", "{1DCA0F27-D2DA-491E-9C67-CBC435A363C1}"
EndProject
Project("{2150E333-8FDC-42A3-9474-1A3956D46DE8}") = "CatalogService", "CatalogService", "{907F458C-978A-4E03-A3D8-025E72E39F5D}"
EndProject
Project("{9A19103F-16F7-4668-BE54-9A1E7A4F7556}") = "CatalogService.Api", "src\Services\CatalogService\CatalogService.Api\CatalogService.Api.csproj", "{67F07538-4D57-4E3F-B2A9-1E19F4D2FADA}"
EndProject
Project("{9A19103F-16F7-4668-BE54-9A1E7A4F7556}") = "BasketService.Api", "src\Services\BasketService\BasketService.Api\BasketService.Api.csproj", "{FE99DF72-5AB0-43C1-832E-5826A818D7D5}"
EndProject
Project("{2150E333-8FDC-42A3-9474-1A3956D46DE8}") = "IdentityService", "IdentityService", "{B7B7A7CD-53D3-40E9-AF75-B279B6134B84}"
EndProject
Project("{9A19103F-16F7-4668-BE54-9A1E7A4F7556}") = "IdentityService.Api", "src\Services\IdentityService\IdentityService.Api\IdentityService.Api.csproj", "{9C9823FE-E9F1-4A58-AD87-6EB2836A51C9}"
EndProject
Project("{2150E333-8FDC-42A3-9474-1A3956D46DE8}") = "NotificationService", "NotificationService", "{59364EC5-D93E-4A48-AE97-9184D4111AF7}"
EndProject
Project("{9A19103F-16F7-4668-BE54-9A1E7A4F7556}") = "NotificationService", "src\Services\NotificationService\NotificationService\NotificationService.csproj", "{F1A26C27-8B1C-4BD0-A5B4-D878DD073A67}"
EndProject
Project("{2150E333-8FDC-42A3-9474-1A3956D46DE8}") = "OrderService", "OrderService", "{D369D1B2-CE69-4181-8FB2-48784C30604E}"
EndProject
Project("{9A19103F-16F7-4668-BE54-9A1E7A4F7556}") = "OrderService.Domain", "src\Services\OrderService\OrderService.Domain\OrderService.Domain.csproj", "{0D618CED-D9F1-425B-A793-62EEB7446AF3}"
EndProject
Project("{9A19103F-16F7-4668-BE54-9A1E7A4F7556}") = "OrderService.Application", "src\Services\OrderService\OrderService.Application\OrderService.Application.csproj", "{A750F492-BC9C-4DE3-9707-09B203A8EBAC}"
EndProject
Project("{9A19103F-16F7-4668-BE54-9A1E7A4F7556}") = "OrderSevice.Infrastructure", "src\Services\OrderService\OrderSevice.Infrastructure\OrderSevice.Infrastructure.csproj", "{4E3CA67E-4E03-4070-B4A9-3C47A3F0F069}"
EndProject
Project("{9A19103F-16F7-4668-BE54-9A1E7A4F7556}") = "OrderService.Api", "src\Services\OrderService\OrderService.Api\OrderService.Api.csproj", "{104F328D-795F-4BC4-8497-F26CBADA47A2}"
EndProject
Project("{2150E333-8FDC-42A3-9474-1A3956D46DE8}") = "PaymentService", "PaymentService", "{CB698E4A-B68C-4B50-A180-CDF6935F9127}"
EndProject
Project("{9A19103F-16F7-4668-BE54-9A1E7A4F7556}") = "PaymentService.Api", "src\Services\PaymentService\PaymentService.Api\PaymentService.Api.csproj", "{0EA88DE6-8355-41CF-84F7-09E72869435C}"
EndProject
Project("{2150E333-8FDC-42A3-9474-1A3956D46DE8}") = "tests", "tests", "{4BCF1DB7-C264-400F-B44F-00C030305615}"
EndProject
Project("{2150E333-8FDC-42A3-9474-1A3956D46DE8}") = "BuildingBlocks", "BuildingBlocks", "{D631BA47-AAA8-40C0-A7D7-54CAEA16CAEF}"
EndProject
Project("{9A19103F-16F7-4668-BE54-9A1E7A4F7556}") = "EventBus.UnitTest", "EventBus.UnitTest\EventBus.UnitTest.csproj", "{BE861815-61B5-4F3F-9CE8-E96EFF927B72}"
EndProject
Project("{2150E333-8FDC-42A3-9474-1A3956D46DE8}") = "docker-compose-files", "docker-compose-files", "{4E38B68E-4A93-4206-861D-B52040D5427A}"
EndProject
Project("{2150E333-8FDC-42A3-9474-1A3956D46DE8}") = "consul", "consul", "{2DD90BA0-F803-4D76-B094-E24A559215F4}"
	ProjectSection(SolutionItems) = preProject
		docker-compose.yml = docker-compose.yml
	EndProjectSection
EndProject
Project("{2150E333-8FDC-42A3-9474-1A3956D46DE8}") = "rabbitmq", "rabbitmq", "{E3F1A65F-97D1-4293-AE11-D669B04A6119}"
	ProjectSection(SolutionItems) = preProject
		docker-compose.yml = docker-compose.yml
	EndProjectSection
EndProject
Project("{2150E333-8FDC-42A3-9474-1A3956D46DE8}") = "sqlserver", "sqlserver", "{C2E6EF51-AE84-4CA3-8260-0814B53BFD18}"
	ProjectSection(SolutionItems) = preProject
		docker-compose.yml = docker-compose.yml
	EndProjectSection
EndProject
Project("{2150E333-8FDC-42A3-9474-1A3956D46DE8}") = "redis", "redis", "{1CD1622C-D218-42B8-9618-446CD6ADB89D}"
	ProjectSection(SolutionItems) = preProject
		docker-compose.yml = docker-compose.yml
	EndProjectSection
EndProject
Global
	GlobalSection(SolutionConfigurationPlatforms) = preSolution
		Debug|Any CPU = Debug|Any CPU
		Release|Any CPU = Release|Any CPU
	EndGlobalSection
	GlobalSection(ProjectConfigurationPlatforms) = postSolution
		{B789B806-0483-43CA-B0FC-34C4A3FEB86E}.Debug|Any CPU.ActiveCfg = Debug|Any CPU
		{B789B806-0483-43CA-B0FC-34C4A3FEB86E}.Debug|Any CPU.Build.0 = Debug|Any CPU
		{B789B806-0483-43CA-B0FC-34C4A3FEB86E}.Release|Any CPU.ActiveCfg = Release|Any CPU
		{B789B806-0483-43CA-B0FC-34C4A3FEB86E}.Release|Any CPU.Build.0 = Release|Any CPU
		{F81A1E04-7BEE-4912-9689-330018F32727}.Debug|Any CPU.ActiveCfg = Debug|Any CPU
		{F81A1E04-7BEE-4912-9689-330018F32727}.Debug|Any CPU.Build.0 = Debug|Any CPU
		{F81A1E04-7BEE-4912-9689-330018F32727}.Release|Any CPU.ActiveCfg = Release|Any CPU
		{F81A1E04-7BEE-4912-9689-330018F32727}.Release|Any CPU.Build.0 = Release|Any CPU
		{E2881637-C23E-413B-9822-AB8E6FFEFC54}.Debug|Any CPU.ActiveCfg = Debug|Any CPU
		{E2881637-C23E-413B-9822-AB8E6FFEFC54}.Debug|Any CPU.Build.0 = Debug|Any CPU
		{E2881637-C23E-413B-9822-AB8E6FFEFC54}.Release|Any CPU.ActiveCfg = Release|Any CPU
		{E2881637-C23E-413B-9822-AB8E6FFEFC54}.Release|Any CPU.Build.0 = Release|Any CPU
		{59F3794D-6BF0-4284-B8CD-A4F26D8CB170}.Debug|Any CPU.ActiveCfg = Debug|Any CPU
		{59F3794D-6BF0-4284-B8CD-A4F26D8CB170}.Debug|Any CPU.Build.0 = Debug|Any CPU
		{59F3794D-6BF0-4284-B8CD-A4F26D8CB170}.Release|Any CPU.ActiveCfg = Release|Any CPU
		{59F3794D-6BF0-4284-B8CD-A4F26D8CB170}.Release|Any CPU.Build.0 = Release|Any CPU
		{89A2E06B-8EF9-4040-B2AB-AE6B2AF7D3AA}.Debug|Any CPU.ActiveCfg = Debug|Any CPU
		{89A2E06B-8EF9-4040-B2AB-AE6B2AF7D3AA}.Debug|Any CPU.Build.0 = Debug|Any CPU
		{89A2E06B-8EF9-4040-B2AB-AE6B2AF7D3AA}.Release|Any CPU.ActiveCfg = Release|Any CPU
		{89A2E06B-8EF9-4040-B2AB-AE6B2AF7D3AA}.Release|Any CPU.Build.0 = Release|Any CPU
		{B49D887C-9DEF-4FDD-B5B8-5C00C6F68652}.Debug|Any CPU.ActiveCfg = Debug|Any CPU
		{B49D887C-9DEF-4FDD-B5B8-5C00C6F68652}.Debug|Any CPU.Build.0 = Debug|Any CPU
		{B49D887C-9DEF-4FDD-B5B8-5C00C6F68652}.Release|Any CPU.ActiveCfg = Release|Any CPU
		{B49D887C-9DEF-4FDD-B5B8-5C00C6F68652}.Release|Any CPU.Build.0 = Release|Any CPU
		{67F07538-4D57-4E3F-B2A9-1E19F4D2FADA}.Debug|Any CPU.ActiveCfg = Debug|Any CPU
		{67F07538-4D57-4E3F-B2A9-1E19F4D2FADA}.Debug|Any CPU.Build.0 = Debug|Any CPU
		{67F07538-4D57-4E3F-B2A9-1E19F4D2FADA}.Release|Any CPU.ActiveCfg = Release|Any CPU
		{67F07538-4D57-4E3F-B2A9-1E19F4D2FADA}.Release|Any CPU.Build.0 = Release|Any CPU
		{FE99DF72-5AB0-43C1-832E-5826A818D7D5}.Debug|Any CPU.ActiveCfg = Debug|Any CPU
		{FE99DF72-5AB0-43C1-832E-5826A818D7D5}.Debug|Any CPU.Build.0 = Debug|Any CPU
		{FE99DF72-5AB0-43C1-832E-5826A818D7D5}.Release|Any CPU.ActiveCfg = Release|Any CPU
		{FE99DF72-5AB0-43C1-832E-5826A818D7D5}.Release|Any CPU.Build.0 = Release|Any CPU
		{9C9823FE-E9F1-4A58-AD87-6EB2836A51C9}.Debug|Any CPU.ActiveCfg = Debug|Any CPU
		{9C9823FE-E9F1-4A58-AD87-6EB2836A51C9}.Debug|Any CPU.Build.0 = Debug|Any CPU
		{9C9823FE-E9F1-4A58-AD87-6EB2836A51C9}.Release|Any CPU.ActiveCfg = Release|Any CPU
		{9C9823FE-E9F1-4A58-AD87-6EB2836A51C9}.Release|Any CPU.Build.0 = Release|Any CPU
		{F1A26C27-8B1C-4BD0-A5B4-D878DD073A67}.Debug|Any CPU.ActiveCfg = Debug|Any CPU
		{F1A26C27-8B1C-4BD0-A5B4-D878DD073A67}.Debug|Any CPU.Build.0 = Debug|Any CPU
		{F1A26C27-8B1C-4BD0-A5B4-D878DD073A67}.Release|Any CPU.ActiveCfg = Release|Any CPU
		{F1A26C27-8B1C-4BD0-A5B4-D878DD073A67}.Release|Any CPU.Build.0 = Release|Any CPU
		{0D618CED-D9F1-425B-A793-62EEB7446AF3}.Debug|Any CPU.ActiveCfg = Debug|Any CPU
		{0D618CED-D9F1-425B-A793-62EEB7446AF3}.Debug|Any CPU.Build.0 = Debug|Any CPU
		{0D618CED-D9F1-425B-A793-62EEB7446AF3}.Release|Any CPU.ActiveCfg = Release|Any CPU
		{0D618CED-D9F1-425B-A793-62EEB7446AF3}.Release|Any CPU.Build.0 = Release|Any CPU
		{A750F492-BC9C-4DE3-9707-09B203A8EBAC}.Debug|Any CPU.ActiveCfg = Debug|Any CPU
		{A750F492-BC9C-4DE3-9707-09B203A8EBAC}.Debug|Any CPU.Build.0 = Debug|Any CPU
		{A750F492-BC9C-4DE3-9707-09B203A8EBAC}.Release|Any CPU.ActiveCfg = Release|Any CPU
		{A750F492-BC9C-4DE3-9707-09B203A8EBAC}.Release|Any CPU.Build.0 = Release|Any CPU
		{4E3CA67E-4E03-4070-B4A9-3C47A3F0F069}.Debug|Any CPU.ActiveCfg = Debug|Any CPU
		{4E3CA67E-4E03-4070-B4A9-3C47A3F0F069}.Debug|Any CPU.Build.0 = Debug|Any CPU
		{4E3CA67E-4E03-4070-B4A9-3C47A3F0F069}.Release|Any CPU.ActiveCfg = Release|Any CPU
		{4E3CA67E-4E03-4070-B4A9-3C47A3F0F069}.Release|Any CPU.Build.0 = Release|Any CPU
		{104F328D-795F-4BC4-8497-F26CBADA47A2}.Debug|Any CPU.ActiveCfg = Debug|Any CPU
		{104F328D-795F-4BC4-8497-F26CBADA47A2}.Debug|Any CPU.Build.0 = Debug|Any CPU
		{104F328D-795F-4BC4-8497-F26CBADA47A2}.Release|Any CPU.ActiveCfg = Release|Any CPU
		{104F328D-795F-4BC4-8497-F26CBADA47A2}.Release|Any CPU.Build.0 = Release|Any CPU
		{0EA88DE6-8355-41CF-84F7-09E72869435C}.Debug|Any CPU.ActiveCfg = Debug|Any CPU
		{0EA88DE6-8355-41CF-84F7-09E72869435C}.Debug|Any CPU.Build.0 = Debug|Any CPU
		{0EA88DE6-8355-41CF-84F7-09E72869435C}.Release|Any CPU.ActiveCfg = Release|Any CPU
		{0EA88DE6-8355-41CF-84F7-09E72869435C}.Release|Any CPU.Build.0 = Release|Any CPU
		{BE861815-61B5-4F3F-9CE8-E96EFF927B72}.Debug|Any CPU.ActiveCfg = Debug|Any CPU
		{BE861815-61B5-4F3F-9CE8-E96EFF927B72}.Debug|Any CPU.Build.0 = Debug|Any CPU
		{BE861815-61B5-4F3F-9CE8-E96EFF927B72}.Release|Any CPU.ActiveCfg = Release|Any CPU
		{BE861815-61B5-4F3F-9CE8-E96EFF927B72}.Release|Any CPU.Build.0 = Release|Any CPU
	EndGlobalSection
	GlobalSection(SolutionProperties) = preSolution
		HideSolutionNode = FALSE
	EndGlobalSection
	GlobalSection(NestedProjects) = preSolution
		{FCAF0ED3-57AA-48D5-87EB-EB2CF600C539} = {AC66D260-981D-42BC-BF82-3FD63A0B4FEC}
		{85779E76-04B2-46EC-9270-C331597B9911} = {AC66D260-981D-42BC-BF82-3FD63A0B4FEC}
		{770403CD-7E06-48FB-8531-B74A5549E6C0} = {AC66D260-981D-42BC-BF82-3FD63A0B4FEC}
		{1C5D8EF7-AB74-487C-B889-CB9AD5BAD677} = {AC66D260-981D-42BC-BF82-3FD63A0B4FEC}
		{A07C164B-CA85-41DA-ACE4-0ADA6BC6BEB0} = {FCAF0ED3-57AA-48D5-87EB-EB2CF600C539}
		{B789B806-0483-43CA-B0FC-34C4A3FEB86E} = {A07C164B-CA85-41DA-ACE4-0ADA6BC6BEB0}
		{35D8A2F4-A7AB-48CD-81F2-523092AF1D27} = {85779E76-04B2-46EC-9270-C331597B9911}
		{F81A1E04-7BEE-4912-9689-330018F32727} = {35D8A2F4-A7AB-48CD-81F2-523092AF1D27}
		{E2881637-C23E-413B-9822-AB8E6FFEFC54} = {35D8A2F4-A7AB-48CD-81F2-523092AF1D27}
		{59F3794D-6BF0-4284-B8CD-A4F26D8CB170} = {35D8A2F4-A7AB-48CD-81F2-523092AF1D27}
		{89A2E06B-8EF9-4040-B2AB-AE6B2AF7D3AA} = {35D8A2F4-A7AB-48CD-81F2-523092AF1D27}
		{F82E6D1A-41BF-490F-BA9F-C059E98075F5} = {1C5D8EF7-AB74-487C-B889-CB9AD5BAD677}
		{B49D887C-9DEF-4FDD-B5B8-5C00C6F68652} = {F82E6D1A-41BF-490F-BA9F-C059E98075F5}
		{1DCA0F27-D2DA-491E-9C67-CBC435A363C1} = {770403CD-7E06-48FB-8531-B74A5549E6C0}
		{907F458C-978A-4E03-A3D8-025E72E39F5D} = {770403CD-7E06-48FB-8531-B74A5549E6C0}
		{67F07538-4D57-4E3F-B2A9-1E19F4D2FADA} = {907F458C-978A-4E03-A3D8-025E72E39F5D}
		{FE99DF72-5AB0-43C1-832E-5826A818D7D5} = {1DCA0F27-D2DA-491E-9C67-CBC435A363C1}
		{B7B7A7CD-53D3-40E9-AF75-B279B6134B84} = {770403CD-7E06-48FB-8531-B74A5549E6C0}
		{9C9823FE-E9F1-4A58-AD87-6EB2836A51C9} = {B7B7A7CD-53D3-40E9-AF75-B279B6134B84}
		{59364EC5-D93E-4A48-AE97-9184D4111AF7} = {770403CD-7E06-48FB-8531-B74A5549E6C0}
		{F1A26C27-8B1C-4BD0-A5B4-D878DD073A67} = {59364EC5-D93E-4A48-AE97-9184D4111AF7}
		{D369D1B2-CE69-4181-8FB2-48784C30604E} = {770403CD-7E06-48FB-8531-B74A5549E6C0}
		{0D618CED-D9F1-425B-A793-62EEB7446AF3} = {D369D1B2-CE69-4181-8FB2-48784C30604E}
		{A750F492-BC9C-4DE3-9707-09B203A8EBAC} = {D369D1B2-CE69-4181-8FB2-48784C30604E}
		{4E3CA67E-4E03-4070-B4A9-3C47A3F0F069} = {D369D1B2-CE69-4181-8FB2-48784C30604E}
		{104F328D-795F-4BC4-8497-F26CBADA47A2} = {D369D1B2-CE69-4181-8FB2-48784C30604E}
		{CB698E4A-B68C-4B50-A180-CDF6935F9127} = {770403CD-7E06-48FB-8531-B74A5549E6C0}
		{0EA88DE6-8355-41CF-84F7-09E72869435C} = {CB698E4A-B68C-4B50-A180-CDF6935F9127}
		{D631BA47-AAA8-40C0-A7D7-54CAEA16CAEF} = {4BCF1DB7-C264-400F-B44F-00C030305615}
		{BE861815-61B5-4F3F-9CE8-E96EFF927B72} = {D631BA47-AAA8-40C0-A7D7-54CAEA16CAEF}
		{2DD90BA0-F803-4D76-B094-E24A559215F4} = {4E38B68E-4A93-4206-861D-B52040D5427A}
		{E3F1A65F-97D1-4293-AE11-D669B04A6119} = {4E38B68E-4A93-4206-861D-B52040D5427A}
		{C2E6EF51-AE84-4CA3-8260-0814B53BFD18} = {4E38B68E-4A93-4206-861D-B52040D5427A}
		{1CD1622C-D218-42B8-9618-446CD6ADB89D} = {4E38B68E-4A93-4206-861D-B52040D5427A}
	EndGlobalSection
	GlobalSection(ExtensibilityGlobals) = postSolution
		SolutionGuid = {69884169-A29A-4BA3-AFAD-BF8589EB9950}
	EndGlobalSection
EndGlobal
